// !$*UTF8*$!
{
	archiveVersion = 1;
	classes = {
	};
	objectVersion = 46;
	objects = {

/* Begin PBXBuildFile section */
		16112E3D1AECA447009213EC /* AppDelegate.swift in Sources */ = {isa = PBXBuildFile; fileRef = 16112E3C1AECA447009213EC /* AppDelegate.swift */; };
		16112E3F1AECA447009213EC /* ViewController.swift in Sources */ = {isa = PBXBuildFile; fileRef = 16112E3E1AECA447009213EC /* ViewController.swift */; };
		16112E421AECA447009213EC /* Main.storyboard in Resources */ = {isa = PBXBuildFile; fileRef = 16112E401AECA447009213EC /* Main.storyboard */; };
		16112E441AECA447009213EC /* Images.xcassets in Resources */ = {isa = PBXBuildFile; fileRef = 16112E431AECA447009213EC /* Images.xcassets */; };
		16112E471AECA447009213EC /* LaunchScreen.xib in Resources */ = {isa = PBXBuildFile; fileRef = 16112E451AECA447009213EC /* LaunchScreen.xib */; };
		16112E531AECA447009213EC /* testTests.swift in Sources */ = {isa = PBXBuildFile; fileRef = 16112E521AECA447009213EC /* testTests.swift */; };
/* End PBXBuildFile section */

/* Begin PBXContainerItemProxy section */
		16112E4D1AECA447009213EC /* PBXContainerItemProxy */ = {
			isa = PBXContainerItemProxy;
			containerPortal = 16112E2F1AECA447009213EC /* Project object */;
			proxyType = 1;
			remoteGlobalIDString = 16112E361AECA447009213EC;
			remoteInfo = test;
		};
/* End PBXContainerItemProxy section */

/* Begin PBXFileReference section */
		16112E371AECA447009213EC /* test.app */ = {isa = PBXFileReference; explicitFileType = wrapper.application; includeInIndex = 0; path = test.app; sourceTree = BUILT_PRODUCTS_DIR; };
		16112E3B1AECA447009213EC /* Info.plist */ = {isa = PBXFileReference; lastKnownFileType = text.plist.xml; path = Info.plist; sourceTree = "<group>"; };
		16112E3C1AECA447009213EC /* AppDelegate.swift */ = {isa = PBXFileReference; lastKnownFileType = sourcecode.swift; path = AppDelegate.swift; sourceTree = "<group>"; };
		16112E3E1AECA447009213EC /* ViewController.swift */ = {isa = PBXFileReference; lastKnownFileType = sourcecode.swift; path = ViewController.swift; sourceTree = "<group>"; };
		16112E411AECA447009213EC /* Base */ = {isa = PBXFileReference; lastKnownFileType = file.storyboard; name = Base; path = Base.lproj/Main.storyboard; sourceTree = "<group>"; };
		16112E431AECA447009213EC /* Images.xcassets */ = {isa = PBXFileReference; lastKnownFileType = folder.assetcatalog; path = Images.xcassets; sourceTree = "<group>"; };
		16112E461AECA447009213EC /* Base */ = {isa = PBXFileReference; lastKnownFileType = file.xib; name = Base; path = Base.lproj/LaunchScreen.xib; sourceTree = "<group>"; };
		16112E4C1AECA447009213EC /* testTests.xctest */ = {isa = PBXFileReference; explicitFileType = wrapper.cfbundle; includeInIndex = 0; path = testTests.xctest; sourceTree = BUILT_PRODUCTS_DIR; };
		16112E511AECA447009213EC /* Info.plist */ = {isa = PBXFileReference; lastKnownFileType = text.plist.xml; path = Info.plist; sourceTree = "<group>"; };
		16112E521AECA447009213EC /* testTests.swift */ = {isa = PBXFileReference; lastKnownFileType = sourcecode.swift; path = testTests.swift; sourceTree = "<group>"; };
/* End PBXFileReference section */

/* Begin PBXFrameworksBuildPhase section */
		16112E341AECA447009213EC /* Frameworks */ = {
			isa = PBXFrameworksBuildPhase;
			buildActionMask = 2147483647;
			files = (
			);
			runOnlyForDeploymentPostprocessing = 0;
		};
		16112E491AECA447009213EC /* Frameworks */ = {
			isa = PBXFrameworksBuildPhase;
			buildActionMask = 2147483647;
			files = (
			);
			runOnlyForDeploymentPostprocessing = 0;
		};
/* End PBXFrameworksBuildPhase section */

/* Begin PBXGroup section */
		16112E2E1AECA447009213EC = {
			isa = PBXGroup;
			children = (
				16112E391AECA447009213EC /* test */,
				16112E4F1AECA447009213EC /* testTests */,
				16112E381AECA447009213EC /* Products */,
			);
			sourceTree = "<group>";
		};
		16112E381AECA447009213EC /* Products */ = {
			isa = PBXGroup;
			children = (
				16112E371AECA447009213EC /* test.app */,
				16112E4C1AECA447009213EC /* testTests.xctest */,
			);
			name = Products;
			sourceTree = "<group>";
		};
		16112E391AECA447009213EC /* test */ = {
			isa = PBXGroup;
			children = (
				16112E3C1AECA447009213EC /* AppDelegate.swift */,
				16112E3E1AECA447009213EC /* ViewController.swift */,
				16112E401AECA447009213EC /* Main.storyboard */,
				16112E431AECA447009213EC /* Images.xcassets */,
				16112E451AECA447009213EC /* LaunchScreen.xib */,
				16112E3A1AECA447009213EC /* Supporting Files */,
			);
			path = test;
			sourceTree = "<group>";
		};
		16112E3A1AECA447009213EC /* Supporting Files */ = {
			isa = PBXGroup;
			children = (
				16112E3B1AECA447009213EC /* Info.plist */,
			);
			name = "Supporting Files";
			sourceTree = "<group>";
		};
		16112E4F1AECA447009213EC /* testTests */ = {
			isa = PBXGroup;
			children = (
				16112E521AECA447009213EC /* testTests.swift */,
				16112E501AECA447009213EC /* Supporting Files */,
			);
			path = testTests;
			sourceTree = "<group>";
		};
		16112E501AECA447009213EC /* Supporting Files */ = {
			isa = PBXGroup;
			children = (
				16112E511AECA447009213EC /* Info.plist */,
			);
			name = "Supporting Files";
			sourceTree = "<group>";
		};
/* End PBXGroup section */

/* Begin PBXNativeTarget section */
		16112E361AECA447009213EC /* test */ = {
			isa = PBXNativeTarget;
			buildConfigurationList = 16112E561AECA447009213EC /* Build configuration list for PBXNativeTarget "test" */;
			buildPhases = (
				16112E331AECA447009213EC /* Sources */,
				16112E341AECA447009213EC /* Frameworks */,
				16112E351AECA447009213EC /* Resources */,
			);
			buildRules = (
			);
			dependencies = (
			);
			name = test;
			productName = test;
			productReference = 16112E371AECA447009213EC /* test.app */;
			productType = "com.apple.product-type.application";
		};
		16112E4B1AECA447009213EC /* testTests */ = {
			isa = PBXNativeTarget;
			buildConfigurationList = 16112E591AECA447009213EC /* Build configuration list for PBXNativeTarget "testTests" */;
			buildPhases = (
				16112E481AECA447009213EC /* Sources */,
				16112E491AECA447009213EC /* Frameworks */,
				16112E4A1AECA447009213EC /* Resources */,
			);
			buildRules = (
			);
			dependencies = (
				16112E4E1AECA447009213EC /* PBXTargetDependency */,
			);
			name = testTests;
			productName = testTests;
			productReference = 16112E4C1AECA447009213EC /* testTests.xctest */;
			productType = "com.apple.product-type.bundle.unit-test";
		};
/* End PBXNativeTarget section */

/* Begin PBXProject section */
		16112E2F1AECA447009213EC /* Project object */ = {
			isa = PBXProject;
			attributes = {
				LastUpgradeCheck = 0630;
				ORGANIZATIONNAME = "落合隆行";
				TargetAttributes = {
					16112E361AECA447009213EC = {
						CreatedOnToolsVersion = 6.3.1;
					};
					16112E4B1AECA447009213EC = {
						CreatedOnToolsVersion = 6.3.1;
						TestTargetID = 16112E361AECA447009213EC;
					};
				};
			};
			buildConfigurationList = 16112E321AECA447009213EC /* Build configuration list for PBXProject "test" */;
			compatibilityVersion = "Xcode 3.2";
			developmentRegion = English;
			hasScannedForEncodings = 0;
			knownRegions = (
				en,
				Base,
			);
			mainGroup = 16112E2E1AECA447009213EC;
			productRefGroup = 16112E381AECA447009213EC /* Products */;
			projectDirPath = "";
			projectRoot = "";
			targets = (
				16112E361AECA447009213EC /* test */,
				16112E4B1AECA447009213EC /* testTests */,
			);
		};
/* End PBXProject section */

/* Begin PBXResourcesBuildPhase section */
		16112E351AECA447009213EC /* Resources */ = {
			isa = PBXResourcesBuildPhase;
			buildActionMask = 2147483647;
			files = (
				16112E421AECA447009213EC /* Main.storyboard in Resources */,
				16112E471AECA447009213EC /* LaunchScreen.xib in Resources */,
				16112E441AECA447009213EC /* Images.xcassets in Resources */,
			);
			runOnlyForDeploymentPostprocessing = 0;
		};
		16112E4A1AECA447009213EC /* Resources */ = {
			isa = PBXResourcesBuildPhase;
			buildActionMask = 2147483647;
			files = (
			);
			runOnlyForDeploymentPostprocessing = 0;
		};
/* End PBXResourcesBuildPhase section */

/* Begin PBXSourcesBuildPhase section */
		16112E331AECA447009213EC /* Sources */ = {
			isa = PBXSourcesBuildPhase;
			buildActionMask = 2147483647;
			files = (
				16112E3F1AECA447009213EC /* ViewController.swift in Sources */,
				16112E3D1AECA447009213EC /* AppDelegate.swift in Sources */,
			);
			runOnlyForDeploymentPostprocessing = 0;
		};
		16112E481AECA447009213EC /* Sources */ = {
			isa = PBXSourcesBuildPhase;
			buildActionMask = 2147483647;
			files = (
				16112E531AECA447009213EC /* testTests.swift in Sources */,
			);
			runOnlyForDeploymentPostprocessing = 0;
		};
/* End PBXSourcesBuildPhase section */

/* Begin PBXTargetDependency section */
		16112E4E1AECA447009213EC /* PBXTargetDependency */ = {
			isa = PBXTargetDependency;
			target = 16112E361AECA447009213EC /* test */;
			targetProxy = 16112E4D1AECA447009213EC /* PBXContainerItemProxy */;
		};
/* End PBXTargetDependency section */

/* Begin PBXVariantGroup section */
		16112E401AECA447009213EC /* Main.storyboard */ = {
			isa = PBXVariantGroup;
			children = (
				16112E411AECA447009213EC /* Base */,
			);
			name = Main.storyboard;
			sourceTree = "<group>";
		};
		16112E451AECA447009213EC /* LaunchScreen.xib */ = {
			isa = PBXVariantGroup;
			children = (
				16112E461AECA447009213EC /* Base */,
			);
			name = LaunchScreen.xib;
			sourceTree = "<group>";
		};
/* End PBXVariantGroup section */

/* Begin XCBuildConfiguration section */
		16112E541AECA447009213EC /* Debug */ = {
			isa = XCBuildConfiguration;
			buildSettings = {
				ALWAYS_SEARCH_USER_PATHS = NO;
				CLANG_CXX_LANGUAGE_STANDARD = "gnu++0x";
				CLANG_CXX_LIBRARY = "libc++";
				CLANG_ENABLE_MODULES = YES;
				CLANG_ENABLE_OBJC_ARC = YES;
				CLANG_WARN_BOOL_CONVERSION = YES;
				CLANG_WARN_CONSTANT_CONVERSION = YES;
				CLANG_WARN_DIRECT_OBJC_ISA_USAGE = YES_ERROR;
				CLANG_WARN_EMPTY_BODY = YES;
				CLANG_WARN_ENUM_CONVERSION = YES;
				CLANG_WARN_INT_CONVERSION = YES;
				CLANG_WARN_OBJC_ROOT_CLASS = YES_ERROR;
				CLANG_WARN_UNREACHABLE_CODE = YES;
				CLANG_WARN__DUPLICATE_METHOD_MATCH = YES;
				"CODE_SIGN_IDENTITY[sdk=iphoneos*]" = "iPhone Developer";
				COPY_PHASE_STRIP = NO;
				DEBUG_INFORMATION_FORMAT = "dwarf-with-dsym";
				ENABLE_STRICT_OBJC_MSGSEND = YES;
				GCC_C_LANGUAGE_STANDARD = gnu99;
				GCC_DYNAMIC_NO_PIC = NO;
				GCC_NO_COMMON_BLOCKS = YES;
				GCC_OPTIMIZATION_LEVEL = 0;
				GCC_PREPROCESSOR_DEFINITIONS = (
					"DEBUG=1",
					"$(inherited)",
				);
				GCC_SYMBOLS_PRIVATE_EXTERN = NO;
				GCC_WARN_64_TO_32_BIT_CONVERSION = YES;
				GCC_WARN_ABOUT_RETURN_TYPE = YES_ERROR;
				GCC_WARN_UNDECLARED_SELECTOR = YES;
				GCC_WARN_UNINITIALIZED_AUTOS = YES_AGGRESSIVE;
				GCC_WARN_UNUSED_FUNCTION = YES;
				GCC_WARN_UNUSED_VARIABLE = YES;
				IPHONEOS_DEPLOYMENT_TARGET = 8.3;
				MTL_ENABLE_DEBUG_INFO = YES;
				ONLY_ACTIVE_ARCH = YES;
				SDKROOT = iphoneos;
				SWIFT_OPTIMIZATION_LEVEL = "-Onone";
			};
			name = Debug;
		};
		16112E551AECA447009213EC /* Release */ = {
			isa = XCBuildConfiguration;
			buildSettings = {
				ALWAYS_SEARCH_USER_PATHS = NO;
				CLANG_CXX_LANGUAGE_STANDARD = "gnu++0x";
				CLANG_CXX_LIBRARY = "libc++";
				CLANG_ENABLE_MODULES = YES;
				CLANG_ENABLE_OBJC_ARC = YES;
				CLANG_WARN_BOOL_CONVERSION = YES;
				CLANG_WARN_CONSTANT_CONVERSION = YES;
				CLANG_WARN_DIRECT_OBJC_ISA_USAGE = YES_ERROR;
				CLANG_WARN_EMPTY_BODY = YES;
				CLANG_WARN_ENUM_CONVERSION = YES;
				CLANG_WARN_INT_CONVERSION = YES;
				CLANG_WARN_OBJC_ROOT_CLASS = YES_ERROR;
				CLANG_WARN_UNREACHABLE_CODE = YES;
				CLANG_WARN__DUPLICATE_METHOD_MATCH = YES;
				"CODE_SIGN_IDENTITY[sdk=iphoneos*]" = "iPhone Developer";
				COPY_PHASE_STRIP = NO;
				DEBUG_INFORMATION_FORMAT = "dwarf-with-dsym";
				ENABLE_NS_ASSERTIONS = NO;
				ENABLE_STRICT_OBJC_MSGSEND = YES;
				GCC_C_LANGUAGE_STANDARD = gnu99;
				GCC_NO_COMMON_BLOCKS = YES;
				GCC_WARN_64_TO_32_BIT_CONVERSION = YES;
				GCC_WARN_ABOUT_RETURN_TYPE = YES_ERROR;
				GCC_WARN_UNDECLARED_SELECTOR = YES;
				GCC_WARN_UNINITIALIZED_AUTOS = YES_AGGRESSIVE;
				GCC_WARN_UNUSED_FUNCTION = YES;
				GCC_WARN_UNUSED_VARIABLE = YES;
				IPHONEOS_DEPLOYMENT_TARGET = 8.3;
				MTL_ENABLE_DEBUG_INFO = NO;
				SDKROOT = iphoneos;
				VALIDATE_PRODUCT = YES;
			};
			name = Release;
		};
		16112E571AECA447009213EC /* Debug */ = {
			isa = XCBuildConfiguration;
			buildSettings = {
				ASSETCATALOG_COMPILER_APPICON_NAME = AppIcon;
				INFOPLIST_FILE = test/Info.plist;
				LD_RUNPATH_SEARCH_PATHS = "$(inherited) @executable_path/Frameworks";
				PRODUCT_NAME = "$(TARGET_NAME)";
			};
			name = Debug;
		};
		16112E581AECA447009213EC /* Release */ = {
			isa = XCBuildConfiguration;
			buildSettings = {
				ASSETCATALOG_COMPILER_APPICON_NAME = AppIcon;
				INFOPLIST_FILE = test/Info.plist;
				LD_RUNPATH_SEARCH_PATHS = "$(inherited) @executable_path/Frameworks";
				PRODUCT_NAME = "$(TARGET_NAME)";
			};
			name = Release;
		};
		16112E5A1AECA447009213EC /* Debug */ = {
			isa = XCBuildConfiguration;
			buildSettings = {
				BUNDLE_LOADER = "$(TEST_HOST)";
				FRAMEWORK_SEARCH_PATHS = (
					"$(SDKROOT)/Developer/Library/Frameworks",
					"$(inherited)",
				);
				GCC_PREPROCESSOR_DEFINITIONS = (
					"DEBUG=1",
					"$(inherited)",
				);
				INFOPLIST_FILE = testTests/Info.plist;
				LD_RUNPATH_SEARCH_PATHS = "$(inherited) @executable_path/Frameworks @loader_path/Frameworks";
				PRODUCT_NAME = "$(TARGET_NAME)";
				TEST_HOST = "$(BUILT_PRODUCTS_DIR)/test.app/test";
			};
			name = Debug;
		};
		16112E5B1AECA447009213EC /* Release */ = {
			isa = XCBuildConfiguration;
			buildSettings = {
				BUNDLE_LOADER = "$(TEST_HOST)";
				FRAMEWORK_SEARCH_PATHS = (
					"$(SDKROOT)/Developer/Library/Frameworks",
					"$(inherited)",
				);
				INFOPLIST_FILE = testTests/Info.plist;
				LD_RUNPATH_SEARCH_PATHS = "$(inherited) @executable_path/Frameworks @loader_path/Frameworks";
				PRODUCT_NAME = "$(TARGET_NAME)";
				TEST_HOST = "$(BUILT_PRODUCTS_DIR)/test.app/test";
			};
			name = Release;
		};
/* End XCBuildConfiguration section */

/* Begin XCConfigurationList section */
		16112E321AECA447009213EC /* Build configuration list for PBXProject "test" */ = {
			isa = XCConfigurationList;
			buildConfigurations = (
				16112E541AECA447009213EC /* Debug */,
				16112E551AECA447009213EC /* Release */,
			);
			defaultConfigurationIsVisible = 0;
			defaultConfigurationName = Release;
		};
		16112E561AECA447009213EC /* Build configuration list for PBXNativeTarget "test" */ = {
			isa = XCConfigurationList;
			buildConfigurations = (
				16112E571AECA447009213EC /* Debug */,
				16112E581AECA447009213EC /* Release */,
			);
			defaultConfigurationIsVisible = 0;
		};
		16112E591AECA447009213EC /* Build configuration list for PBXNativeTarget "testTests" */ = {
			isa = XCConfigurationList;
			buildConfigurations = (
				16112E5A1AECA447009213EC /* Debug */,
				16112E5B1AECA447009213EC /* Release */,
			);
			defaultConfigurationIsVisible = 0;
		};
/* End XCConfigurationList section */
	};
	rootObject = 16112E2F1AECA447009213EC /* Project object */;
}
