// !$*UTF8*$!
{
	archiveVersion = 1;
	classes = {
	};
	objectVersion = 46;
	objects = {

/* Begin PBXBuildFile section */
		16112E6B1AECA513009213EC /* AppDelegate.swift in Sources */ = {isa = PBXBuildFile; fileRef = 16112E6A1AECA513009213EC /* AppDelegate.swift */; };
		16112E6D1AECA513009213EC /* ViewController.swift in Sources */ = {isa = PBXBuildFile; fileRef = 16112E6C1AECA513009213EC /* ViewController.swift */; };
		16112E701AECA513009213EC /* Main.storyboard in Resources */ = {isa = PBXBuildFile; fileRef = 16112E6E1AECA513009213EC /* Main.storyboard */; };
		16112E721AECA513009213EC /* Images.xcassets in Resources */ = {isa = PBXBuildFile; fileRef = 16112E711AECA513009213EC /* Images.xcassets */; };
		16112E751AECA513009213EC /* LaunchScreen.xib in Resources */ = {isa = PBXBuildFile; fileRef = 16112E731AECA513009213EC /* LaunchScreen.xib */; };
		16112E811AECA513009213EC /* Hi_and_LowTests.swift in Sources */ = {isa = PBXBuildFile; fileRef = 16112E801AECA513009213EC /* Hi_and_LowTests.swift */; };
/* End PBXBuildFile section */

/* Begin PBXContainerItemProxy section */
		16112E7B1AECA513009213EC /* PBXContainerItemProxy */ = {
			isa = PBXContainerItemProxy;
			containerPortal = 16112E5D1AECA513009213EC /* Project object */;
			proxyType = 1;
			remoteGlobalIDString = 16112E641AECA513009213EC;
			remoteInfo = "Hi and Low";
		};
/* End PBXContainerItemProxy section */

/* Begin PBXFileReference section */
		16112E651AECA513009213EC /* Hi and Low.app */ = {isa = PBXFileReference; explicitFileType = wrapper.application; includeInIndex = 0; path = "Hi and Low.app"; sourceTree = BUILT_PRODUCTS_DIR; };
		16112E691AECA513009213EC /* Info.plist */ = {isa = PBXFileReference; lastKnownFileType = text.plist.xml; path = Info.plist; sourceTree = "<group>"; };
		16112E6A1AECA513009213EC /* AppDelegate.swift */ = {isa = PBXFileReference; lastKnownFileType = sourcecode.swift; path = AppDelegate.swift; sourceTree = "<group>"; };
		16112E6C1AECA513009213EC /* ViewController.swift */ = {isa = PBXFileReference; lastKnownFileType = sourcecode.swift; path = ViewController.swift; sourceTree = "<group>"; };
		16112E6F1AECA513009213EC /* Base */ = {isa = PBXFileReference; lastKnownFileType = file.storyboard; name = Base; path = Base.lproj/Main.storyboard; sourceTree = "<group>"; };
		16112E711AECA513009213EC /* Images.xcassets */ = {isa = PBXFileReference; lastKnownFileType = folder.assetcatalog; path = Images.xcassets; sourceTree = "<group>"; };
		16112E741AECA513009213EC /* Base */ = {isa = PBXFileReference; lastKnownFileType = file.xib; name = Base; path = Base.lproj/LaunchScreen.xib; sourceTree = "<group>"; };
		16112E7A1AECA513009213EC /* Hi and LowTests.xctest */ = {isa = PBXFileReference; explicitFileType = wrapper.cfbundle; includeInIndex = 0; path = "Hi and LowTests.xctest"; sourceTree = BUILT_PRODUCTS_DIR; };
		16112E7F1AECA513009213EC /* Info.plist */ = {isa = PBXFileReference; lastKnownFileType = text.plist.xml; path = Info.plist; sourceTree = "<group>"; };
		16112E801AECA513009213EC /* Hi_and_LowTests.swift */ = {isa = PBXFileReference; lastKnownFileType = sourcecode.swift; path = Hi_and_LowTests.swift; sourceTree = "<group>"; };
/* End PBXFileReference section */

/* Begin PBXFrameworksBuildPhase section */
		16112E621AECA513009213EC /* Frameworks */ = {
			isa = PBXFrameworksBuildPhase;
			buildActionMask = 2147483647;
			files = (
			);
			runOnlyForDeploymentPostprocessing = 0;
		};
		16112E771AECA513009213EC /* Frameworks */ = {
			isa = PBXFrameworksBuildPhase;
			buildActionMask = 2147483647;
			files = (
			);
			runOnlyForDeploymentPostprocessing = 0;
		};
/* End PBXFrameworksBuildPhase section */

/* Begin PBXGroup section */
		16112E5C1AECA513009213EC = {
			isa = PBXGroup;
			children = (
				16112E671AECA513009213EC /* Hi and Low */,
				16112E7D1AECA513009213EC /* Hi and LowTests */,
				16112E661AECA513009213EC /* Products */,
			);
			sourceTree = "<group>";
		};
		16112E661AECA513009213EC /* Products */ = {
			isa = PBXGroup;
			children = (
				16112E651AECA513009213EC /* Hi and Low.app */,
				16112E7A1AECA513009213EC /* Hi and LowTests.xctest */,
			);
			name = Products;
			sourceTree = "<group>";
		};
		16112E671AECA513009213EC /* Hi and Low */ = {
			isa = PBXGroup;
			children = (
				16112E6A1AECA513009213EC /* AppDelegate.swift */,
				16112E6C1AECA513009213EC /* ViewController.swift */,
				16112E6E1AECA513009213EC /* Main.storyboard */,
				16112E711AECA513009213EC /* Images.xcassets */,
				16112E731AECA513009213EC /* LaunchScreen.xib */,
				16112E681AECA513009213EC /* Supporting Files */,
			);
			path = "Hi and Low";
			sourceTree = "<group>";
		};
		16112E681AECA513009213EC /* Supporting Files */ = {
			isa = PBXGroup;
			children = (
				16112E691AECA513009213EC /* Info.plist */,
			);
			name = "Supporting Files";
			sourceTree = "<group>";
		};
		16112E7D1AECA513009213EC /* Hi and LowTests */ = {
			isa = PBXGroup;
			children = (
				16112E801AECA513009213EC /* Hi_and_LowTests.swift */,
				16112E7E1AECA513009213EC /* Supporting Files */,
			);
			path = "Hi and LowTests";
			sourceTree = "<group>";
		};
		16112E7E1AECA513009213EC /* Supporting Files */ = {
			isa = PBXGroup;
			children = (
				16112E7F1AECA513009213EC /* Info.plist */,
			);
			name = "Supporting Files";
			sourceTree = "<group>";
		};
/* End PBXGroup section */

/* Begin PBXNativeTarget section */
		16112E641AECA513009213EC /* Hi and Low */ = {
			isa = PBXNativeTarget;
			buildConfigurationList = 16112E841AECA513009213EC /* Build configuration list for PBXNativeTarget "Hi and Low" */;
			buildPhases = (
				16112E611AECA513009213EC /* Sources */,
				16112E621AECA513009213EC /* Frameworks */,
				16112E631AECA513009213EC /* Resources */,
			);
			buildRules = (
			);
			dependencies = (
			);
			name = "Hi and Low";
			productName = "Hi and Low";
			productReference = 16112E651AECA513009213EC /* Hi and Low.app */;
			productType = "com.apple.product-type.application";
		};
		16112E791AECA513009213EC /* Hi and LowTests */ = {
			isa = PBXNativeTarget;
			buildConfigurationList = 16112E871AECA513009213EC /* Build configuration list for PBXNativeTarget "Hi and LowTests" */;
			buildPhases = (
				16112E761AECA513009213EC /* Sources */,
				16112E771AECA513009213EC /* Frameworks */,
				16112E781AECA513009213EC /* Resources */,
			);
			buildRules = (
			);
			dependencies = (
				16112E7C1AECA513009213EC /* PBXTargetDependency */,
			);
			name = "Hi and LowTests";
			productName = "Hi and LowTests";
			productReference = 16112E7A1AECA513009213EC /* Hi and LowTests.xctest */;
			productType = "com.apple.product-type.bundle.unit-test";
		};
/* End PBXNativeTarget section */

/* Begin PBXProject section */
		16112E5D1AECA513009213EC /* Project object */ = {
			isa = PBXProject;
			attributes = {
				LastUpgradeCheck = 0630;
				ORGANIZATIONNAME = "落合隆行";
				TargetAttributes = {
					16112E641AECA513009213EC = {
						CreatedOnToolsVersion = 6.3.1;
					};
					16112E791AECA513009213EC = {
						CreatedOnToolsVersion = 6.3.1;
						TestTargetID = 16112E641AECA513009213EC;
					};
				};
			};
			buildConfigurationList = 16112E601AECA513009213EC /* Build configuration list for PBXProject "Hi and Low" */;
			compatibilityVersion = "Xcode 3.2";
			developmentRegion = English;
			hasScannedForEncodings = 0;
			knownRegions = (
				en,
				Base,
			);
			mainGroup = 16112E5C1AECA513009213EC;
			productRefGroup = 16112E661AECA513009213EC /* Products */;
			projectDirPath = "";
			projectRoot = "";
			targets = (
				16112E641AECA513009213EC /* Hi and Low */,
				16112E791AECA513009213EC /* Hi and LowTests */,
			);
		};
/* End PBXProject section */

/* Begin PBXResourcesBuildPhase section */
		16112E631AECA513009213EC /* Resources */ = {
			isa = PBXResourcesBuildPhase;
			buildActionMask = 2147483647;
			files = (
				16112E701AECA513009213EC /* Main.storyboard in Resources */,
				16112E751AECA513009213EC /* LaunchScreen.xib in Resources */,
				16112E721AECA513009213EC /* Images.xcassets in Resources */,
			);
			runOnlyForDeploymentPostprocessing = 0;
		};
		16112E781AECA513009213EC /* Resources */ = {
			isa = PBXResourcesBuildPhase;
			buildActionMask = 2147483647;
			files = (
			);
			runOnlyForDeploymentPostprocessing = 0;
		};
/* End PBXResourcesBuildPhase section */

/* Begin PBXSourcesBuildPhase section */
		16112E611AECA513009213EC /* Sources */ = {
			isa = PBXSourcesBuildPhase;
			buildActionMask = 2147483647;
			files = (
				16112E6D1AECA513009213EC /* ViewController.swift in Sources */,
				16112E6B1AECA513009213EC /* AppDelegate.swift in Sources */,
			);
			runOnlyForDeploymentPostprocessing = 0;
		};
		16112E761AECA513009213EC /* Sources */ = {
			isa = PBXSourcesBuildPhase;
			buildActionMask = 2147483647;
			files = (
				16112E811AECA513009213EC /* Hi_and_LowTests.swift in Sources */,
			);
			runOnlyForDeploymentPostprocessing = 0;
		};
/* End PBXSourcesBuildPhase section */

/* Begin PBXTargetDependency section */
		16112E7C1AECA513009213EC /* PBXTargetDependency */ = {
			isa = PBXTargetDependency;
			target = 16112E641AECA513009213EC /* Hi and Low */;
			targetProxy = 16112E7B1AECA513009213EC /* PBXContainerItemProxy */;
		};
/* End PBXTargetDependency section */

/* Begin PBXVariantGroup section */
		16112E6E1AECA513009213EC /* Main.storyboard */ = {
			isa = PBXVariantGroup;
			children = (
				16112E6F1AECA513009213EC /* Base */,
			);
			name = Main.storyboard;
			sourceTree = "<group>";
		};
		16112E731AECA513009213EC /* LaunchScreen.xib */ = {
			isa = PBXVariantGroup;
			children = (
				16112E741AECA513009213EC /* Base */,
			);
			name = LaunchScreen.xib;
			sourceTree = "<group>";
		};
/* End PBXVariantGroup section */

/* Begin XCBuildConfiguration section */
		16112E821AECA513009213EC /* Debug */ = {
			isa = XCBuildConfiguration;
			buildSettings = {
				ALWAYS_SEARCH_USER_PATHS = NO;
				CLANG_CXX_LANGUAGE_STANDARD = "gnu++0x";
				CLANG_CXX_LIBRARY = "libc++";
				CLANG_ENABLE_MODULES = YES;
				CLANG_ENABLE_OBJC_ARC = YES;
				CLANG_WARN_BOOL_CONVERSION = YES;
				CLANG_WARN_CONSTANT_CONVERSION = YES;
				CLANG_WARN_DIRECT_OBJC_ISA_USAGE = YES_ERROR;
				CLANG_WARN_EMPTY_BODY = YES;
				CLANG_WARN_ENUM_CONVERSION = YES;
				CLANG_WARN_INT_CONVERSION = YES;
				CLANG_WARN_OBJC_ROOT_CLASS = YES_ERROR;
				CLANG_WARN_UNREACHABLE_CODE = YES;
				CLANG_WARN__DUPLICATE_METHOD_MATCH = YES;
				"CODE_SIGN_IDENTITY[sdk=iphoneos*]" = "iPhone Developer";
				COPY_PHASE_STRIP = NO;
				DEBUG_INFORMATION_FORMAT = "dwarf-with-dsym";
				ENABLE_STRICT_OBJC_MSGSEND = YES;
				GCC_C_LANGUAGE_STANDARD = gnu99;
				GCC_DYNAMIC_NO_PIC = NO;
				GCC_NO_COMMON_BLOCKS = YES;
				GCC_OPTIMIZATION_LEVEL = 0;
				GCC_PREPROCESSOR_DEFINITIONS = (
					"DEBUG=1",
					"$(inherited)",
				);
				GCC_SYMBOLS_PRIVATE_EXTERN = NO;
				GCC_WARN_64_TO_32_BIT_CONVERSION = YES;
				GCC_WARN_ABOUT_RETURN_TYPE = YES_ERROR;
				GCC_WARN_UNDECLARED_SELECTOR = YES;
				GCC_WARN_UNINITIALIZED_AUTOS = YES_AGGRESSIVE;
				GCC_WARN_UNUSED_FUNCTION = YES;
				GCC_WARN_UNUSED_VARIABLE = YES;
				IPHONEOS_DEPLOYMENT_TARGET = 8.3;
				MTL_ENABLE_DEBUG_INFO = YES;
				ONLY_ACTIVE_ARCH = YES;
				SDKROOT = iphoneos;
				SWIFT_OPTIMIZATION_LEVEL = "-Onone";
			};
			name = Debug;
		};
		16112E831AECA513009213EC /* Release */ = {
			isa = XCBuildConfiguration;
			buildSettings = {
				ALWAYS_SEARCH_USER_PATHS = NO;
				CLANG_CXX_LANGUAGE_STANDARD = "gnu++0x";
				CLANG_CXX_LIBRARY = "libc++";
				CLANG_ENABLE_MODULES = YES;
				CLANG_ENABLE_OBJC_ARC = YES;
				CLANG_WARN_BOOL_CONVERSION = YES;
				CLANG_WARN_CONSTANT_CONVERSION = YES;
				CLANG_WARN_DIRECT_OBJC_ISA_USAGE = YES_ERROR;
				CLANG_WARN_EMPTY_BODY = YES;
				CLANG_WARN_ENUM_CONVERSION = YES;
				CLANG_WARN_INT_CONVERSION = YES;
				CLANG_WARN_OBJC_ROOT_CLASS = YES_ERROR;
				CLANG_WARN_UNREACHABLE_CODE = YES;
				CLANG_WARN__DUPLICATE_METHOD_MATCH = YES;
				"CODE_SIGN_IDENTITY[sdk=iphoneos*]" = "iPhone Developer";
				COPY_PHASE_STRIP = NO;
				DEBUG_INFORMATION_FORMAT = "dwarf-with-dsym";
				ENABLE_NS_ASSERTIONS = NO;
				ENABLE_STRICT_OBJC_MSGSEND = YES;
				GCC_C_LANGUAGE_STANDARD = gnu99;
				GCC_NO_COMMON_BLOCKS = YES;
				GCC_WARN_64_TO_32_BIT_CONVERSION = YES;
				GCC_WARN_ABOUT_RETURN_TYPE = YES_ERROR;
				GCC_WARN_UNDECLARED_SELECTOR = YES;
				GCC_WARN_UNINITIALIZED_AUTOS = YES_AGGRESSIVE;
				GCC_WARN_UNUSED_FUNCTION = YES;
				GCC_WARN_UNUSED_VARIABLE = YES;
				IPHONEOS_DEPLOYMENT_TARGET = 8.3;
				MTL_ENABLE_DEBUG_INFO = NO;
				SDKROOT = iphoneos;
				VALIDATE_PRODUCT = YES;
			};
			name = Release;
		};
		16112E851AECA513009213EC /* Debug */ = {
			isa = XCBuildConfiguration;
			buildSettings = {
				ASSETCATALOG_COMPILER_APPICON_NAME = AppIcon;
				INFOPLIST_FILE = "Hi and Low/Info.plist";
				LD_RUNPATH_SEARCH_PATHS = "$(inherited) @executable_path/Frameworks";
				PRODUCT_NAME = "$(TARGET_NAME)";
			};
			name = Debug;
		};
		16112E861AECA513009213EC /* Release */ = {
			isa = XCBuildConfiguration;
			buildSettings = {
				ASSETCATALOG_COMPILER_APPICON_NAME = AppIcon;
				INFOPLIST_FILE = "Hi and Low/Info.plist";
				LD_RUNPATH_SEARCH_PATHS = "$(inherited) @executable_path/Frameworks";
				PRODUCT_NAME = "$(TARGET_NAME)";
			};
			name = Release;
		};
		16112E881AECA513009213EC /* Debug */ = {
			isa = XCBuildConfiguration;
			buildSettings = {
				BUNDLE_LOADER = "$(TEST_HOST)";
				FRAMEWORK_SEARCH_PATHS = (
					"$(SDKROOT)/Developer/Library/Frameworks",
					"$(inherited)",
				);
				GCC_PREPROCESSOR_DEFINITIONS = (
					"DEBUG=1",
					"$(inherited)",
				);
				INFOPLIST_FILE = "Hi and LowTests/Info.plist";
				LD_RUNPATH_SEARCH_PATHS = "$(inherited) @executable_path/Frameworks @loader_path/Frameworks";
				PRODUCT_NAME = "$(TARGET_NAME)";
				TEST_HOST = "$(BUILT_PRODUCTS_DIR)/Hi and Low.app/Hi and Low";
			};
			name = Debug;
		};
		16112E891AECA513009213EC /* Release */ = {
			isa = XCBuildConfiguration;
			buildSettings = {
				BUNDLE_LOADER = "$(TEST_HOST)";
				FRAMEWORK_SEARCH_PATHS = (
					"$(SDKROOT)/Developer/Library/Frameworks",
					"$(inherited)",
				);
				INFOPLIST_FILE = "Hi and LowTests/Info.plist";
				LD_RUNPATH_SEARCH_PATHS = "$(inherited) @executable_path/Frameworks @loader_path/Frameworks";
				PRODUCT_NAME = "$(TARGET_NAME)";
				TEST_HOST = "$(BUILT_PRODUCTS_DIR)/Hi and Low.app/Hi and Low";
			};
			name = Release;
		};
/* End XCBuildConfiguration section */

/* Begin XCConfigurationList section */
		16112E601AECA513009213EC /* Build configuration list for PBXProject "Hi and Low" */ = {
			isa = XCConfigurationList;
			buildConfigurations = (
				16112E821AECA513009213EC /* Debug */,
				16112E831AECA513009213EC /* Release */,
			);
			defaultConfigurationIsVisible = 0;
			defaultConfigurationName = Release;
		};
		16112E841AECA513009213EC /* Build configuration list for PBXNativeTarget "Hi and Low" */ = {
			isa = XCConfigurationList;
			buildConfigurations = (
				16112E851AECA513009213EC /* Debug */,
				16112E861AECA513009213EC /* Release */,
			);
			defaultConfigurationIsVisible = 0;
		};
		16112E871AECA513009213EC /* Build configuration list for PBXNativeTarget "Hi and LowTests" */ = {
			isa = XCConfigurationList;
			buildConfigurations = (
				16112E881AECA513009213EC /* Debug */,
				16112E891AECA513009213EC /* Release */,
			);
			defaultConfigurationIsVisible = 0;
		};
/* End XCConfigurationList section */
	};
	rootObject = 16112E5D1AECA513009213EC /* Project object */;
}
